{
  "name": "html-pdf-yap",
  "version": "1.0.0",
  "lockfileVersion": 1,
  "requires": true,
  "dependencies": {
    "bluebird": {
      "version": "3.7.2",
      "resolved": "https://registry.npmjs.org/bluebird/-/bluebird-3.7.2.tgz",
      "integrity": "sha512-XpNj6GDQzdfW+r2Wnn7xiSAd7TM3jzkxGXBGTtWKuSXv1xUV+azxAm8jdWZN06QTQk+2N2XB9jRDkvbmQmcRtg=="
    },
    "chrome-aws-lambda": {
      "version": "7.0.0",
      "resolved": "https://registry.npmjs.org/chrome-aws-lambda/-/chrome-aws-lambda-7.0.0.tgz",
      "integrity": "sha512-GbYXRPYtaA0DLfmxQpuZw1SKTP7rOA4UXiATwiFRJ4Ea6PBYSzqK0YjS7B2WimUBe//ybPfNpPIs8A3WpF0xvA==",
      "requires": {
        "lambdafs": "^2.0.2"
      }
    },
    "handlebars": {
      "version": "4.7.7",
      "resolved": "https://registry.npmjs.org/handlebars/-/handlebars-4.7.7.tgz",
      "integrity": "sha512-aAcXm5OAfE/8IXkcZvCepKU3VzW1/39Fb5ZuqMtgI/hT8X2YgoMvBY5dLhq/cpOvw7Lk1nK/UF71aLG/ZnVYRA==",
      "requires": {
        "minimist": "^1.2.5",
        "neo-async": "^2.6.0",
        "source-map": "^0.6.1",
        "uglify-js": "^3.1.4",
        "wordwrap": "^1.0.0"
      }
    },
    "lambdafs": {
      "version": "2.0.2",
      "resolved": "https://registry.npmjs.org/lambdafs/-/lambdafs-2.0.2.tgz",
      "integrity": "sha512-gr4FQ1eqNZ4k+VmdK1ZzyrcQFv6Hf2MlIgrBq0hXtgMpxU9hG/uKWsNX/FhfugB2aSucJkT4U9NrIVmnVG8NUg==",
      "requires": {
        "tar-fs": "^2.1.1"
      },
      "dependencies": {
        "base64-js": {
          "version": "1.5.1",
          "bundled": true
        },
        "bl": {
          "version": "4.0.3",
          "bundled": true,
          "requires": {
            "buffer": "^5.5.0",
            "inherits": "^2.0.4",
            "readable-stream": "^3.4.0"
          }
        },
        "buffer": {
          "version": "5.7.1",
          "bundled": true,
          "requires": {
            "base64-js": "^1.3.1",
            "ieee754": "^1.1.13"
          }
        },
        "chownr": {
          "version": "1.1.4",
          "bundled": true
        },
        "end-of-stream": {
          "version": "1.4.4",
          "bundled": true,
          "requires": {
            "once": "^1.4.0"
          }
        },
        "fs-constants": {
          "version": "1.0.0",
          "bundled": true
        },
        "ieee754": {
          "version": "1.2.1",
          "bundled": true
        },
        "inherits": {
          "version": "2.0.4",
          "bundled": true
        },
        "mkdirp-classic": {
          "version": "0.5.3",
          "bundled": true
        },
        "once": {
          "version": "1.4.0",
          "bundled": true,
          "requires": {
            "wrappy": "1"
          }
        },
        "pump": {
          "version": "3.0.0",
          "bundled": true,
          "requires": {
            "end-of-stream": "^1.1.0",
            "once": "^1.3.1"
          }
        },
        "readable-stream": {
          "version": "3.6.0",
          "bundled": true,
          "requires": {
            "inherits": "^2.0.3",
            "string_decoder": "^1.1.1",
            "util-deprecate": "^1.0.1"
          }
        },
        "safe-buffer": {
          "version": "5.2.1",
          "bundled": true
        },
        "string_decoder": {
          "version": "1.3.0",
          "bundled": true,
          "requires": {
            "safe-buffer": "~5.2.0"
          }
        },
        "tar-fs": {
          "version": "2.1.1",
          "bundled": true,
          "requires": {
            "chownr": "^1.1.1",
            "mkdirp-classic": "^0.5.2",
            "pump": "^3.0.0",
            "tar-stream": "^2.1.4"
          }
        },
        "tar-stream": {
          "version": "2.1.4",
          "bundled": true,
          "requires": {
            "bl": "^4.0.3",
            "end-of-stream": "^1.4.1",
            "fs-constants": "^1.0.0",
            "inherits": "^2.0.3",
            "readable-stream": "^3.1.1"
          }
        },
        "util-deprecate": {
          "version": "1.0.2",
          "bundled": true
        },
        "wrappy": {
          "version": "1.0.2",
          "bundled": true
        }
      }
    },
    "minimist": {
      "version": "1.2.5",
      "resolved": "https://registry.npmjs.org/minimist/-/minimist-1.2.5.tgz",
      "integrity": "sha512-FM9nNUYrRBAELZQT3xeZQ7fmMOBg6nWNmJKTcgsJeaLstP/UODVpGsr5OhXhhXg6f+qtJ8uiZ+PUxkDWcgIXLw=="
    },
    "neo-async": {
      "version": "2.6.2",
      "resolved": "https://registry.npmjs.org/neo-async/-/neo-async-2.6.2.tgz",
      "integrity": "sha512-Yd3UES5mWCSqR+qNT93S3UoYUkqAZ9lLg8a7g9rimsWmYGK8cVToA4/sF3RrshdyV3sAGMXVUmpMYOw+dLpOuw=="
    },
    "source-map": {
      "version": "0.6.1",
      "resolved": "https://registry.npmjs.org/source-map/-/source-map-0.6.1.tgz",
      "integrity": "sha512-UjgapumWlbMhkBgzT7Ykc5YXUT46F0iKu8SGXq0bcwP5dz/h0Plj6enJqjz1Zbq2l5WaqYnrVbwWOWMyF3F47g=="
    },
    "uglify-js": {
      "version": "3.12.8",
      "resolved": "https://registry.npmjs.org/uglify-js/-/uglify-js-3.12.8.tgz",
      "integrity": "sha512-fvBeuXOsvqjecUtF/l1dwsrrf5y2BCUk9AOJGzGcm6tE7vegku5u/YvqjyDaAGr422PLoLnrxg3EnRvTqsdC1w==",
      "optional": true
    },
    "wordwrap": {
      "version": "1.0.0",
      "resolved": "https://registry.npmjs.org/wordwrap/-/wordwrap-1.0.0.tgz",
      "integrity": "sha1-J1hIEIkUVqQXHI0CJkQa3pDLyus="
    }
  }
}
